{
  "nodes": {
    "disko": {
      "inputs": {
        "nixpkgs": [
          "nixpkgs"
        ]
      },
      "locked": {
        "lastModified": 1693905783,
        "narHash": "sha256-ALIQLAzTJ6iy46U7tL62Nxd7247683kOR6TlSU6PXhU=",
        "owner": "nix-community",
        "repo": "disko",
        "rev": "b2ea7d62581fa50d3e19a949b85fe04c1e8d7384",
        "type": "github"
      },
      "original": {
        "owner": "nix-community",
        "repo": "disko",
        "type": "github"
      }
    },
    "hardware": {
      "locked": {
        "lastModified": 1693718952,
        "narHash": "sha256-+nGdJlgTk0MPN7NygopipmyylVuAVi7OItIwTlwtGnw=",
        "owner": "nixos",
        "repo": "nixos-hardware",
        "rev": "793de77d9f83418b428e8ba70d1e42c6507d0d35",
        "type": "github"
      },
      "original": {
        "owner": "nixos",
        "repo": "nixos-hardware",
        "type": "github"
      }
    },
    "home-manager": {
      "inputs": {
        "nixpkgs": [
          "nixpkgs"
        ]
      },
      "locked": {
        "lastModified": 1693895999,
        "narHash": "sha256-yN1XVFltQxiwle833KCqWkZNfBuRLWkXyEnOD+ljoYY=",
        "owner": "nix-community",
        "repo": "home-manager",
        "rev": "3c0e381fef63e4fbc6c3292c9e9cbcf479c01794",
        "type": "github"
      },
      "original": {
        "owner": "nix-community",
        "repo": "home-manager",
        "type": "github"
      }
    },
    "nixpkgs": {
      "locked": {
        "lastModified": 1693663421,
        "narHash": "sha256-ImMIlWE/idjcZAfxKK8sQA7A1Gi/O58u5/CJA+mxvl8=",
        "owner": "nixos",
        "repo": "nixpkgs",
        "rev": "e56990880811a451abd32515698c712788be5720",
        "type": "github"
      },
      "original": {
        "owner": "nixos",
        "ref": "nixos-unstable",
        "repo": "nixpkgs",
        "type": "github"
      }
    },
    "root": {
      "inputs": {
        "disko": "disko",
        "hardware": "hardware",
        "home-manager": "home-manager",
        "nixpkgs": "nixpkgs"
      }
    }
  },
  "root": "root",
  "version": 7
}
