{
  "nodes": {
    "disko": {
      "inputs": {
        "nixpkgs": [
          "nixpkgs"
        ]
      },
      "locked": {
        "lastModified": 1689152829,
        "narHash": "sha256-Eu+mMX7YDaALLdttrGBbmYB83mJ+AtFRW3YV87Ih3/s=",
        "owner": "nix-community",
        "repo": "disko",
        "rev": "610e337bb2e354c34a5fa1c6822375a688efb0d7",
        "type": "github"
      },
      "original": {
        "owner": "nix-community",
        "repo": "disko",
        "type": "github"
      }
    },
    "hardware": {
      "locked": {
        "lastModified": 1689060619,
        "narHash": "sha256-vODUkZLWFVCvo1KPK3dC2CbXjxa9antEn5ozwlcTr48=",
        "owner": "nixos",
        "repo": "nixos-hardware",
        "rev": "44bc025007e5fcc10dbc3d9f96dcbf06fc0e8c1c",
        "type": "github"
      },
      "original": {
        "owner": "nixos",
        "repo": "nixos-hardware",
        "type": "github"
      }
    },
    "home-manager": {
      "inputs": {
        "nixpkgs": [
          "nixpkgs"
        ]
      },
      "locked": {
        "lastModified": 1689134369,
        "narHash": "sha256-0G9dutIvhS/WUr3Awcnqw71g8EVVvvkOhVDnDDbY4Fw=",
        "owner": "nix-community",
        "repo": "home-manager",
        "rev": "e42fb59768f0305085abde0dd27ab5e0cc15420c",
        "type": "github"
      },
      "original": {
        "owner": "nix-community",
        "repo": "home-manager",
        "type": "github"
      }
    },
    "nixpkgs": {
      "locked": {
        "lastModified": 1689098530,
        "narHash": "sha256-fxc/9f20wRyo/5ydkmZkX/Sh/ULa7RcT8h+cUv8p/44=",
        "owner": "nixos",
        "repo": "nixpkgs",
        "rev": "f2406198ea0e4e37d4380d0e20336c575b8f8ef9",
        "type": "github"
      },
      "original": {
        "owner": "nixos",
        "ref": "nixos-unstable",
        "repo": "nixpkgs",
        "type": "github"
      }
    },
    "root": {
      "inputs": {
        "disko": "disko",
        "hardware": "hardware",
        "home-manager": "home-manager",
        "nixpkgs": "nixpkgs"
      }
    }
  },
  "root": "root",
  "version": 7
}
